// !$*UTF8*$!
{
	archiveVersion = 1;
	classes = {
	};
	objectVersion = 50;
	objects = {

/* Begin PBXBuildFile section */
		4D812471247E9F4D00FDD775 /* MWSymbolTableEntry.m in Sources */ = {isa = PBXBuildFile; fileRef = 4D812451247E9F4A00FDD775 /* MWSymbolTableEntry.m */; };
		4D812472247E9F4D00FDD775 /* MWSegmentCommand64.m in Sources */ = {isa = PBXBuildFile; fileRef = 4D812453247E9F4B00FDD775 /* MWSegmentCommand64.m */; };
		4D812473247E9F4D00FDD775 /* MWSourceVersionCommand.m in Sources */ = {isa = PBXBuildFile; fileRef = 4D812454247E9F4B00FDD775 /* MWSourceVersionCommand.m */; };
		4D812474247E9F4D00FDD775 /* MWExportedSymbol.m in Sources */ = {isa = PBXBuildFile; fileRef = 4D812455247E9F4B00FDD775 /* MWExportedSymbol.m */; };
		4D812475247E9F4D00FDD775 /* MWBuildVersionCommand.m in Sources */ = {isa = PBXBuildFile; fileRef = 4D812456247E9F4B00FDD775 /* MWBuildVersionCommand.m */; };
		4D812476247E9F4D00FDD775 /* MWLinkEditDataCommand.m in Sources */ = {isa = PBXBuildFile; fileRef = 4D812458247E9F4B00FDD775 /* MWLinkEditDataCommand.m */; };
		4D812477247E9F4D00FDD775 /* MWUUIDCommand.m in Sources */ = {isa = PBXBuildFile; fileRef = 4D81245C247E9F4B00FDD775 /* MWUUIDCommand.m */; };
		4D812479247E9F4D00FDD775 /* MWMachElement.m in Sources */ = {isa = PBXBuildFile; fileRef = 4D81245F247E9F4B00FDD775 /* MWMachElement.m */; };
		4D81247A247E9F4D00FDD775 /* MWMachHeader64.m in Sources */ = {isa = PBXBuildFile; fileRef = 4D812460247E9F4B00FDD775 /* MWMachHeader64.m */; };
		4D81247B247E9F4D00FDD775 /* MWDylibCommand.m in Sources */ = {isa = PBXBuildFile; fileRef = 4D812464247E9F4C00FDD775 /* MWDylibCommand.m */; };
		4D81247C247E9F4D00FDD775 /* MWLoadCommand.m in Sources */ = {isa = PBXBuildFile; fileRef = 4D812466247E9F4C00FDD775 /* MWLoadCommand.m */; };
		4D81247D247E9F4D00FDD775 /* MWDyldInfoCommand.m in Sources */ = {isa = PBXBuildFile; fileRef = 4D812467247E9F4C00FDD775 /* MWDyldInfoCommand.m */; };
		4D81247E247E9F4D00FDD775 /* MWSymtabCommand.m in Sources */ = {isa = PBXBuildFile; fileRef = 4D812468247E9F4C00FDD775 /* MWSymtabCommand.m */; };
		4D81247F247E9F4D00FDD775 /* MWMachOFile.m in Sources */ = {isa = PBXBuildFile; fileRef = 4D812469247E9F4C00FDD775 /* MWMachOFile.m */; };
		4D812480247E9F4D00FDD775 /* MWDysymtabCommand.m in Sources */ = {isa = PBXBuildFile; fileRef = 4D81246B247E9F4D00FDD775 /* MWDysymtabCommand.m */; };
		4D812481247E9F4D00FDD775 /* MWSection64.m in Sources */ = {isa = PBXBuildFile; fileRef = 4D81246D247E9F4D00FDD775 /* MWSection64.m */; };
		4DFD49B1247F50DB0083AE22 /* main.m in Sources */ = {isa = PBXBuildFile; fileRef = 4DFD49B0247F50DB0083AE22 /* main.m */; };
		4DFD49C0247F52FE0083AE22 /* MWDefinitions.m in Sources */ = {isa = PBXBuildFile; fileRef = 4DFD49B6247F52FD0083AE22 /* MWDefinitions.m */; };
		4DFD49C1247F52FE0083AE22 /* MWSerializer.m in Sources */ = {isa = PBXBuildFile; fileRef = 4DFD49B7247F52FD0083AE22 /* MWSerializer.m */; };
		4DFD49C2247F52FE0083AE22 /* MWChunker.m in Sources */ = {isa = PBXBuildFile; fileRef = 4DFD49BB247F52FE0083AE22 /* MWChunker.m */; };
		4DFD49C3247F52FE0083AE22 /* MWDefinedNumber.m in Sources */ = {isa = PBXBuildFile; fileRef = 4DFD49BC247F52FE0083AE22 /* MWDefinedNumber.m */; };
		4DFD49C4247F52FE0083AE22 /* MWKeyValue.m in Sources */ = {isa = PBXBuildFile; fileRef = 4DFD49BE247F52FE0083AE22 /* MWKeyValue.m */; };
/* End PBXBuildFile section */

/* Begin PBXCopyFilesBuildPhase section */
		4D812443247E9F1F00FDD775 /* CopyFiles */ = {
			isa = PBXCopyFilesBuildPhase;
			buildActionMask = 2147483647;
			dstPath = /usr/share/man/man1/;
			dstSubfolderSpec = 0;
			files = (
			);
			runOnlyForDeploymentPostprocessing = 1;
		};
/* End PBXCopyFilesBuildPhase section */

/* Begin PBXFileReference section */
		4D812445247E9F1F00FDD775 /* machowalk */ = {isa = PBXFileReference; explicitFileType = "compiled.mach-o.executable"; includeInIndex = 0; path = machowalk; sourceTree = BUILT_PRODUCTS_DIR; };
		4D81244F247E9F4A00FDD775 /* MWBuildVersionCommand.h */ = {isa = PBXFileReference; fileEncoding = 4; lastKnownFileType = sourcecode.c.h; path = MWBuildVersionCommand.h; sourceTree = "<group>"; };
		4D812450247E9F4A00FDD775 /* MWDylibCommand.h */ = {isa = PBXFileReference; fileEncoding = 4; lastKnownFileType = sourcecode.c.h; path = MWDylibCommand.h; sourceTree = "<group>"; };
		4D812451247E9F4A00FDD775 /* MWSymbolTableEntry.m */ = {isa = PBXFileReference; fileEncoding = 4; lastKnownFileType = sourcecode.c.objc; path = MWSymbolTableEntry.m; sourceTree = "<group>"; };
		4D812452247E9F4B00FDD775 /* MWSymbolTableEntry.h */ = {isa = PBXFileReference; fileEncoding = 4; lastKnownFileType = sourcecode.c.h; path = MWSymbolTableEntry.h; sourceTree = "<group>"; };
		4D812453247E9F4B00FDD775 /* MWSegmentCommand64.m */ = {isa = PBXFileReference; fileEncoding = 4; lastKnownFileType = sourcecode.c.objc; path = MWSegmentCommand64.m; sourceTree = "<group>"; };
		4D812454247E9F4B00FDD775 /* MWSourceVersionCommand.m */ = {isa = PBXFileReference; fileEncoding = 4; lastKnownFileType = sourcecode.c.objc; path = MWSourceVersionCommand.m; sourceTree = "<group>"; };
		4D812455247E9F4B00FDD775 /* MWExportedSymbol.m */ = {isa = PBXFileReference; fileEncoding = 4; lastKnownFileType = sourcecode.c.objc; path = MWExportedSymbol.m; sourceTree = "<group>"; };
		4D812456247E9F4B00FDD775 /* MWBuildVersionCommand.m */ = {isa = PBXFileReference; fileEncoding = 4; lastKnownFileType = sourcecode.c.objc; path = MWBuildVersionCommand.m; sourceTree = "<group>"; };
		4D812457247E9F4B00FDD775 /* MWSection64.h */ = {isa = PBXFileReference; fileEncoding = 4; lastKnownFileType = sourcecode.c.h; path = MWSection64.h; sourceTree = "<group>"; };
		4D812458247E9F4B00FDD775 /* MWLinkEditDataCommand.m */ = {isa = PBXFileReference; fileEncoding = 4; lastKnownFileType = sourcecode.c.objc; path = MWLinkEditDataCommand.m; sourceTree = "<group>"; };
		4D812459247E9F4B00FDD775 /* MWDysymtabCommand.h */ = {isa = PBXFileReference; fileEncoding = 4; lastKnownFileType = sourcecode.c.h; path = MWDysymtabCommand.h; sourceTree = "<group>"; };
		4D81245A247E9F4B00FDD775 /* machowalk.h */ = {isa = PBXFileReference; fileEncoding = 4; lastKnownFileType = sourcecode.c.h; path = machowalk.h; sourceTree = "<group>"; };
		4D81245B247E9F4B00FDD775 /* MWDyldInfoCommand.h */ = {isa = PBXFileReference; fileEncoding = 4; lastKnownFileType = sourcecode.c.h; path = MWDyldInfoCommand.h; sourceTree = "<group>"; };
		4D81245C247E9F4B00FDD775 /* MWUUIDCommand.m */ = {isa = PBXFileReference; fileEncoding = 4; lastKnownFileType = sourcecode.c.objc; path = MWUUIDCommand.m; sourceTree = "<group>"; };
		4D81245D247E9F4B00FDD775 /* MWLinkEditDataCommand.h */ = {isa = PBXFileReference; fileEncoding = 4; lastKnownFileType = sourcecode.c.h; path = MWLinkEditDataCommand.h; sourceTree = "<group>"; };
		4D81245F247E9F4B00FDD775 /* MWMachElement.m */ = {isa = PBXFileReference; fileEncoding = 4; lastKnownFileType = sourcecode.c.objc; path = MWMachElement.m; sourceTree = "<group>"; };
		4D812460247E9F4B00FDD775 /* MWMachHeader64.m */ = {isa = PBXFileReference; fileEncoding = 4; lastKnownFileType = sourcecode.c.objc; path = MWMachHeader64.m; sourceTree = "<group>"; };
		4D812461247E9F4C00FDD775 /* MWSourceVersionCommand.h */ = {isa = PBXFileReference; fileEncoding = 4; lastKnownFileType = sourcecode.c.h; path = MWSourceVersionCommand.h; sourceTree = "<group>"; };
		4D812462247E9F4C00FDD775 /* MWLoadCommand.h */ = {isa = PBXFileReference; fileEncoding = 4; lastKnownFileType = sourcecode.c.h; path = MWLoadCommand.h; sourceTree = "<group>"; };
		4D812463247E9F4C00FDD775 /* MWMachHeader64.h */ = {isa = PBXFileReference; fileEncoding = 4; lastKnownFileType = sourcecode.c.h; path = MWMachHeader64.h; sourceTree = "<group>"; };
		4D812464247E9F4C00FDD775 /* MWDylibCommand.m */ = {isa = PBXFileReference; fileEncoding = 4; lastKnownFileType = sourcecode.c.objc; path = MWDylibCommand.m; sourceTree = "<group>"; };
		4D812465247E9F4C00FDD775 /* MWSymtabCommand.h */ = {isa = PBXFileReference; fileEncoding = 4; lastKnownFileType = sourcecode.c.h; path = MWSymtabCommand.h; sourceTree = "<group>"; };
		4D812466247E9F4C00FDD775 /* MWLoadCommand.m */ = {isa = PBXFileReference; fileEncoding = 4; lastKnownFileType = sourcecode.c.objc; path = MWLoadCommand.m; sourceTree = "<group>"; };
		4D812467247E9F4C00FDD775 /* MWDyldInfoCommand.m */ = {isa = PBXFileReference; fileEncoding = 4; lastKnownFileType = sourcecode.c.objc; path = MWDyldInfoCommand.m; sourceTree = "<group>"; };
		4D812468247E9F4C00FDD775 /* MWSymtabCommand.m */ = {isa = PBXFileReference; fileEncoding = 4; lastKnownFileType = sourcecode.c.objc; path = MWSymtabCommand.m; sourceTree = "<group>"; };
		4D812469247E9F4C00FDD775 /* MWMachOFile.m */ = {isa = PBXFileReference; fileEncoding = 4; lastKnownFileType = sourcecode.c.objc; path = MWMachOFile.m; sourceTree = "<group>"; };
		4D81246A247E9F4C00FDD775 /* MWMachElement.h */ = {isa = PBXFileReference; fileEncoding = 4; lastKnownFileType = sourcecode.c.h; path = MWMachElement.h; sourceTree = "<group>"; };
		4D81246B247E9F4D00FDD775 /* MWDysymtabCommand.m */ = {isa = PBXFileReference; fileEncoding = 4; lastKnownFileType = sourcecode.c.objc; path = MWDysymtabCommand.m; sourceTree = "<group>"; };
		4D81246C247E9F4D00FDD775 /* MWMachOFile.h */ = {isa = PBXFileReference; fileEncoding = 4; lastKnownFileType = sourcecode.c.h; path = MWMachOFile.h; sourceTree = "<group>"; };
		4D81246D247E9F4D00FDD775 /* MWSection64.m */ = {isa = PBXFileReference; fileEncoding = 4; lastKnownFileType = sourcecode.c.objc; path = MWSection64.m; sourceTree = "<group>"; };
		4D81246E247E9F4D00FDD775 /* MWExportedSymbol.h */ = {isa = PBXFileReference; fileEncoding = 4; lastKnownFileType = sourcecode.c.h; path = MWExportedSymbol.h; sourceTree = "<group>"; };
		4D81246F247E9F4D00FDD775 /* MWSegmentCommand64.h */ = {isa = PBXFileReference; fileEncoding = 4; lastKnownFileType = sourcecode.c.h; path = MWSegmentCommand64.h; sourceTree = "<group>"; };
		4D812470247E9F4D00FDD775 /* MWUUIDCommand.h */ = {isa = PBXFileReference; fileEncoding = 4; lastKnownFileType = sourcecode.c.h; path = MWUUIDCommand.h; sourceTree = "<group>"; };
		4D812483247E9F8100FDD775 /* example_output.json */ = {isa = PBXFileReference; lastKnownFileType = text.json; path = example_output.json; sourceTree = "<group>"; };
		4D812484247E9F8100FDD775 /* README.md */ = {isa = PBXFileReference; lastKnownFileType = net.daringfireball.markdown; path = README.md; sourceTree = "<group>"; };
		4DFD49B0247F50DB0083AE22 /* main.m */ = {isa = PBXFileReference; lastKnownFileType = sourcecode.c.objc; path = main.m; sourceTree = "<group>"; };
		4DFD49B5247F52FD0083AE22 /* MWSerializer.h */ = {isa = PBXFileReference; fileEncoding = 4; lastKnownFileType = sourcecode.c.h; path = MWSerializer.h; sourceTree = "<group>"; };
		4DFD49B6247F52FD0083AE22 /* MWDefinitions.m */ = {isa = PBXFileReference; fileEncoding = 4; lastKnownFileType = sourcecode.c.objc; path = MWDefinitions.m; sourceTree = "<group>"; };
		4DFD49B7247F52FD0083AE22 /* MWSerializer.m */ = {isa = PBXFileReference; fileEncoding = 4; lastKnownFileType = sourcecode.c.objc; path = MWSerializer.m; sourceTree = "<group>"; };
		4DFD49B8247F52FD0083AE22 /* MWKeyValue.h */ = {isa = PBXFileReference; fileEncoding = 4; lastKnownFileType = sourcecode.c.h; path = MWKeyValue.h; sourceTree = "<group>"; };
		4DFD49B9247F52FD0083AE22 /* MWDefinitions.h */ = {isa = PBXFileReference; fileEncoding = 4; lastKnownFileType = sourcecode.c.h; path = MWDefinitions.h; sourceTree = "<group>"; };
		4DFD49BA247F52FD0083AE22 /* MWSerializerHints.h */ = {isa = PBXFileReference; fileEncoding = 4; lastKnownFileType = sourcecode.c.h; path = MWSerializerHints.h; sourceTree = "<group>"; };
		4DFD49BB247F52FE0083AE22 /* MWChunker.m */ = {isa = PBXFileReference; fileEncoding = 4; lastKnownFileType = sourcecode.c.objc; path = MWChunker.m; sourceTree = "<group>"; };
		4DFD49BC247F52FE0083AE22 /* MWDefinedNumber.m */ = {isa = PBXFileReference; fileEncoding = 4; lastKnownFileType = sourcecode.c.objc; path = MWDefinedNumber.m; sourceTree = "<group>"; };
		4DFD49BD247F52FE0083AE22 /* MWDefinedNumber.h */ = {isa = PBXFileReference; fileEncoding = 4; lastKnownFileType = sourcecode.c.h; path = MWDefinedNumber.h; sourceTree = "<group>"; };
		4DFD49BE247F52FE0083AE22 /* MWKeyValue.m */ = {isa = PBXFileReference; fileEncoding = 4; lastKnownFileType = sourcecode.c.objc; path = MWKeyValue.m; sourceTree = "<group>"; };
		4DFD49BF247F52FE0083AE22 /* MWChunker.h */ = {isa = PBXFileReference; fileEncoding = 4; lastKnownFileType = sourcecode.c.h; path = MWChunker.h; sourceTree = "<group>"; };
		4DFD49C5247FE5850083AE22 /* example_complex.json */ = {isa = PBXFileReference; lastKnownFileType = text.json; path = example_complex.json; sourceTree = "<group>"; };
/* End PBXFileReference section */

/* Begin PBXFrameworksBuildPhase section */
		4D812442247E9F1F00FDD775 /* Frameworks */ = {
			isa = PBXFrameworksBuildPhase;
			buildActionMask = 2147483647;
			files = (
			);
			runOnlyForDeploymentPostprocessing = 0;
		};
/* End PBXFrameworksBuildPhase section */

/* Begin PBXGroup section */
		4D81243C247E9F1F00FDD775 = {
			isa = PBXGroup;
			children = (
				4DFD49C5247FE5850083AE22 /* example_complex.json */,
				4D812483247E9F8100FDD775 /* example_output.json */,
				4D812484247E9F8100FDD775 /* README.md */,
				4D812447247E9F1F00FDD775 /* machowalk */,
				4D812446247E9F1F00FDD775 /* Products */,
			);
			sourceTree = "<group>";
		};
		4D812446247E9F1F00FDD775 /* Products */ = {
			isa = PBXGroup;
			children = (
				4D812445247E9F1F00FDD775 /* machowalk */,
			);
			name = Products;
			sourceTree = "<group>";
		};
		4D812447247E9F1F00FDD775 /* machowalk */ = {
			isa = PBXGroup;
			children = (
				4DFD49B4247F52E80083AE22 /* util */,
				4D81245A247E9F4B00FDD775 /* machowalk.h */,
				4D81244F247E9F4A00FDD775 /* MWBuildVersionCommand.h */,
				4D812456247E9F4B00FDD775 /* MWBuildVersionCommand.m */,
				4D81245B247E9F4B00FDD775 /* MWDyldInfoCommand.h */,
				4D812467247E9F4C00FDD775 /* MWDyldInfoCommand.m */,
				4D812450247E9F4A00FDD775 /* MWDylibCommand.h */,
				4D812464247E9F4C00FDD775 /* MWDylibCommand.m */,
				4D812459247E9F4B00FDD775 /* MWDysymtabCommand.h */,
				4D81246B247E9F4D00FDD775 /* MWDysymtabCommand.m */,
				4D81246E247E9F4D00FDD775 /* MWExportedSymbol.h */,
				4D812455247E9F4B00FDD775 /* MWExportedSymbol.m */,
				4D81245D247E9F4B00FDD775 /* MWLinkEditDataCommand.h */,
				4D812458247E9F4B00FDD775 /* MWLinkEditDataCommand.m */,
				4D812462247E9F4C00FDD775 /* MWLoadCommand.h */,
				4D812466247E9F4C00FDD775 /* MWLoadCommand.m */,
				4D81246A247E9F4C00FDD775 /* MWMachElement.h */,
				4D81245F247E9F4B00FDD775 /* MWMachElement.m */,
				4D812463247E9F4C00FDD775 /* MWMachHeader64.h */,
				4D812460247E9F4B00FDD775 /* MWMachHeader64.m */,
				4D81246C247E9F4D00FDD775 /* MWMachOFile.h */,
				4D812469247E9F4C00FDD775 /* MWMachOFile.m */,
				4D812457247E9F4B00FDD775 /* MWSection64.h */,
				4D81246D247E9F4D00FDD775 /* MWSection64.m */,
				4D81246F247E9F4D00FDD775 /* MWSegmentCommand64.h */,
				4D812453247E9F4B00FDD775 /* MWSegmentCommand64.m */,
				4D812461247E9F4C00FDD775 /* MWSourceVersionCommand.h */,
				4D812454247E9F4B00FDD775 /* MWSourceVersionCommand.m */,
				4D812452247E9F4B00FDD775 /* MWSymbolTableEntry.h */,
				4D812451247E9F4A00FDD775 /* MWSymbolTableEntry.m */,
				4D812465247E9F4C00FDD775 /* MWSymtabCommand.h */,
				4D812468247E9F4C00FDD775 /* MWSymtabCommand.m */,
				4D812470247E9F4D00FDD775 /* MWUUIDCommand.h */,
				4D81245C247E9F4B00FDD775 /* MWUUIDCommand.m */,
				4DFD49B0247F50DB0083AE22 /* main.m */,
			);
			path = machowalk;
			sourceTree = "<group>";
		};
		4DFD49B4247F52E80083AE22 /* util */ = {
			isa = PBXGroup;
			children = (
				4DFD49BF247F52FE0083AE22 /* MWChunker.h */,
				4DFD49BB247F52FE0083AE22 /* MWChunker.m */,
				4DFD49BD247F52FE0083AE22 /* MWDefinedNumber.h */,
				4DFD49BC247F52FE0083AE22 /* MWDefinedNumber.m */,
				4DFD49B9247F52FD0083AE22 /* MWDefinitions.h */,
				4DFD49B6247F52FD0083AE22 /* MWDefinitions.m */,
				4DFD49B8247F52FD0083AE22 /* MWKeyValue.h */,
				4DFD49BE247F52FE0083AE22 /* MWKeyValue.m */,
				4DFD49B5247F52FD0083AE22 /* MWSerializer.h */,
				4DFD49B7247F52FD0083AE22 /* MWSerializer.m */,
				4DFD49BA247F52FD0083AE22 /* MWSerializerHints.h */,
			);
			path = util;
			sourceTree = "<group>";
		};
/* End PBXGroup section */

/* Begin PBXNativeTarget section */
		4D812444247E9F1F00FDD775 /* machowalk */ = {
			isa = PBXNativeTarget;
			buildConfigurationList = 4D81244C247E9F1F00FDD775 /* Build configuration list for PBXNativeTarget "machowalk" */;
			buildPhases = (
				4D812441247E9F1F00FDD775 /* Sources */,
				4D812442247E9F1F00FDD775 /* Frameworks */,
				4D812443247E9F1F00FDD775 /* CopyFiles */,
			);
			buildRules = (
			);
			dependencies = (
			);
			name = machowalk;
			productName = machowalk;
			productReference = 4D812445247E9F1F00FDD775 /* machowalk */;
			productType = "com.apple.product-type.tool";
		};
/* End PBXNativeTarget section */

/* Begin PBXProject section */
		4D81243D247E9F1F00FDD775 /* Project object */ = {
			isa = PBXProject;
			attributes = {
				LastUpgradeCheck = 1130;
				ORGANIZATIONNAME = "Mark Knowles";
				TargetAttributes = {
					4D812444247E9F1F00FDD775 = {
						CreatedOnToolsVersion = 11.3;
					};
				};
			};
			buildConfigurationList = 4D812440247E9F1F00FDD775 /* Build configuration list for PBXProject "machowalk" */;
			compatibilityVersion = "Xcode 9.3";
			developmentRegion = en;
			hasScannedForEncodings = 0;
			knownRegions = (
				en,
				Base,
			);
			mainGroup = 4D81243C247E9F1F00FDD775;
			productRefGroup = 4D812446247E9F1F00FDD775 /* Products */;
			projectDirPath = "";
			projectRoot = "";
			targets = (
				4D812444247E9F1F00FDD775 /* machowalk */,
			);
		};
/* End PBXProject section */

/* Begin PBXSourcesBuildPhase section */
		4D812441247E9F1F00FDD775 /* Sources */ = {
			isa = PBXSourcesBuildPhase;
			buildActionMask = 2147483647;
			files = (
				4D812473247E9F4D00FDD775 /* MWSourceVersionCommand.m in Sources */,
				4D81247B247E9F4D00FDD775 /* MWDylibCommand.m in Sources */,
				4D81247E247E9F4D00FDD775 /* MWSymtabCommand.m in Sources */,
				4D81247F247E9F4D00FDD775 /* MWMachOFile.m in Sources */,
				4D812481247E9F4D00FDD775 /* MWSection64.m in Sources */,
				4D812472247E9F4D00FDD775 /* MWSegmentCommand64.m in Sources */,
				4DFD49C0247F52FE0083AE22 /* MWDefinitions.m in Sources */,
				4D812475247E9F4D00FDD775 /* MWBuildVersionCommand.m in Sources */,
				4D812477247E9F4D00FDD775 /* MWUUIDCommand.m in Sources */,
				4DFD49C3247F52FE0083AE22 /* MWDefinedNumber.m in Sources */,
				4D812471247E9F4D00FDD775 /* MWSymbolTableEntry.m in Sources */,
				4D81247C247E9F4D00FDD775 /* MWLoadCommand.m in Sources */,
				4D812480247E9F4D00FDD775 /* MWDysymtabCommand.m in Sources */,
				4DFD49C4247F52FE0083AE22 /* MWKeyValue.m in Sources */,
				4DFD49C1247F52FE0083AE22 /* MWSerializer.m in Sources */,
				4D812476247E9F4D00FDD775 /* MWLinkEditDataCommand.m in Sources */,
				4DFD49C2247F52FE0083AE22 /* MWChunker.m in Sources */,
				4DFD49B1247F50DB0083AE22 /* main.m in Sources */,
				4D81247A247E9F4D00FDD775 /* MWMachHeader64.m in Sources */,
				4D81247D247E9F4D00FDD775 /* MWDyldInfoCommand.m in Sources */,
				4D812479247E9F4D00FDD775 /* MWMachElement.m in Sources */,
				4D812474247E9F4D00FDD775 /* MWExportedSymbol.m in Sources */,
			);
			runOnlyForDeploymentPostprocessing = 0;
		};
/* End PBXSourcesBuildPhase section */

/* Begin XCBuildConfiguration section */
		4D81244A247E9F1F00FDD775 /* Debug */ = {
			isa = XCBuildConfiguration;
			buildSettings = {
				ALWAYS_SEARCH_USER_PATHS = NO;
				CLANG_ANALYZER_NONNULL = YES;
				CLANG_ANALYZER_NUMBER_OBJECT_CONVERSION = YES_AGGRESSIVE;
				CLANG_CXX_LANGUAGE_STANDARD = "gnu++14";
				CLANG_CXX_LIBRARY = "libc++";
				CLANG_ENABLE_MODULES = YES;
				CLANG_ENABLE_OBJC_ARC = YES;
				CLANG_ENABLE_OBJC_WEAK = YES;
				CLANG_WARN_BLOCK_CAPTURE_AUTORELEASING = YES;
				CLANG_WARN_BOOL_CONVERSION = YES;
				CLANG_WARN_COMMA = YES;
				CLANG_WARN_CONSTANT_CONVERSION = YES;
				CLANG_WARN_DEPRECATED_OBJC_IMPLEMENTATIONS = YES;
				CLANG_WARN_DIRECT_OBJC_ISA_USAGE = YES_ERROR;
				CLANG_WARN_DOCUMENTATION_COMMENTS = YES;
				CLANG_WARN_EMPTY_BODY = YES;
				CLANG_WARN_ENUM_CONVERSION = YES;
				CLANG_WARN_INFINITE_RECURSION = YES;
				CLANG_WARN_INT_CONVERSION = YES;
				CLANG_WARN_NON_LITERAL_NULL_CONVERSION = YES;
				CLANG_WARN_OBJC_IMPLICIT_RETAIN_SELF = YES;
				CLANG_WARN_OBJC_LITERAL_CONVERSION = YES;
				CLANG_WARN_OBJC_ROOT_CLASS = YES_ERROR;
				CLANG_WARN_RANGE_LOOP_ANALYSIS = YES;
				CLANG_WARN_STRICT_PROTOTYPES = YES;
				CLANG_WARN_SUSPICIOUS_MOVE = YES;
				CLANG_WARN_UNGUARDED_AVAILABILITY = YES_AGGRESSIVE;
				CLANG_WARN_UNREACHABLE_CODE = YES;
				CLANG_WARN__DUPLICATE_METHOD_MATCH = YES;
				COPY_PHASE_STRIP = NO;
				DEBUG_INFORMATION_FORMAT = dwarf;
				ENABLE_STRICT_OBJC_MSGSEND = YES;
				ENABLE_TESTABILITY = YES;
				GCC_C_LANGUAGE_STANDARD = gnu11;
				GCC_DYNAMIC_NO_PIC = NO;
				GCC_NO_COMMON_BLOCKS = YES;
				GCC_OPTIMIZATION_LEVEL = 0;
				GCC_PREPROCESSOR_DEFINITIONS = (
					"DEBUG=1",
					"$(inherited)",
				);
				GCC_WARN_64_TO_32_BIT_CONVERSION = YES;
				GCC_WARN_ABOUT_RETURN_TYPE = YES_ERROR;
				GCC_WARN_UNDECLARED_SELECTOR = YES;
				GCC_WARN_UNINITIALIZED_AUTOS = YES_AGGRESSIVE;
				GCC_WARN_UNUSED_FUNCTION = YES;
				GCC_WARN_UNUSED_VARIABLE = YES;
				MACOSX_DEPLOYMENT_TARGET = 10.15;
				MTL_ENABLE_DEBUG_INFO = INCLUDE_SOURCE;
				MTL_FAST_MATH = YES;
				ONLY_ACTIVE_ARCH = YES;
				SDKROOT = macosx;
			};
			name = Debug;
		};
		4D81244B247E9F1F00FDD775 /* Release */ = {
			isa = XCBuildConfiguration;
			buildSettings = {
				ALWAYS_SEARCH_USER_PATHS = NO;
				CLANG_ANALYZER_NONNULL = YES;
				CLANG_ANALYZER_NUMBER_OBJECT_CONVERSION = YES_AGGRESSIVE;
				CLANG_CXX_LANGUAGE_STANDARD = "gnu++14";
				CLANG_CXX_LIBRARY = "libc++";
				CLANG_ENABLE_MODULES = YES;
				CLANG_ENABLE_OBJC_ARC = YES;
				CLANG_ENABLE_OBJC_WEAK = YES;
				CLANG_WARN_BLOCK_CAPTURE_AUTORELEASING = YES;
				CLANG_WARN_BOOL_CONVERSION = YES;
				CLANG_WARN_COMMA = YES;
				CLANG_WARN_CONSTANT_CONVERSION = YES;
				CLANG_WARN_DEPRECATED_OBJC_IMPLEMENTATIONS = YES;
				CLANG_WARN_DIRECT_OBJC_ISA_USAGE = YES_ERROR;
				CLANG_WARN_DOCUMENTATION_COMMENTS = YES;
				CLANG_WARN_EMPTY_BODY = YES;
				CLANG_WARN_ENUM_CONVERSION = YES;
				CLANG_WARN_INFINITE_RECURSION = YES;
				CLANG_WARN_INT_CONVERSION = YES;
				CLANG_WARN_NON_LITERAL_NULL_CONVERSION = YES;
				CLANG_WARN_OBJC_IMPLICIT_RETAIN_SELF = YES;
				CLANG_WARN_OBJC_LITERAL_CONVERSION = YES;
				CLANG_WARN_OBJC_ROOT_CLASS = YES_ERROR;
				CLANG_WARN_RANGE_LOOP_ANALYSIS = YES;
				CLANG_WARN_STRICT_PROTOTYPES = YES;
				CLANG_WARN_SUSPICIOUS_MOVE = YES;
				CLANG_WARN_UNGUARDED_AVAILABILITY = YES_AGGRESSIVE;
				CLANG_WARN_UNREACHABLE_CODE = YES;
				CLANG_WARN__DUPLICATE_METHOD_MATCH = YES;
				COPY_PHASE_STRIP = NO;
				DEBUG_INFORMATION_FORMAT = "dwarf-with-dsym";
				ENABLE_NS_ASSERTIONS = NO;
				ENABLE_STRICT_OBJC_MSGSEND = YES;
				GCC_C_LANGUAGE_STANDARD = gnu11;
				GCC_NO_COMMON_BLOCKS = YES;
				GCC_WARN_64_TO_32_BIT_CONVERSION = YES;
				GCC_WARN_ABOUT_RETURN_TYPE = YES_ERROR;
				GCC_WARN_UNDECLARED_SELECTOR = YES;
				GCC_WARN_UNINITIALIZED_AUTOS = YES_AGGRESSIVE;
				GCC_WARN_UNUSED_FUNCTION = YES;
				GCC_WARN_UNUSED_VARIABLE = YES;
				MACOSX_DEPLOYMENT_TARGET = 10.15;
				MTL_ENABLE_DEBUG_INFO = NO;
				MTL_FAST_MATH = YES;
				SDKROOT = macosx;
			};
			name = Release;
		};
		4D81244D247E9F1F00FDD775 /* Debug */ = {
			isa = XCBuildConfiguration;
			buildSettings = {
				CLANG_ENABLE_OBJC_ARC = NO;
				CODE_SIGN_STYLE = Automatic;
				DEVELOPMENT_ASSET_PATHS = "";
				DEVELOPMENT_TEAM = Z5F3U7NCAF;
				ENABLE_HARDENED_RUNTIME = YES;
				PRODUCT_NAME = "$(TARGET_NAME)";
				SCAN_ALL_SOURCE_FILES_FOR_INCLUDES = NO;
			};
			name = Debug;
		};
		4D81244E247E9F1F00FDD775 /* Release */ = {
			isa = XCBuildConfiguration;
			buildSettings = {
				CLANG_ENABLE_OBJC_ARC = NO;
				CODE_SIGN_STYLE = Automatic;
				DEVELOPMENT_ASSET_PATHS = "";
				DEVELOPMENT_TEAM = Z5F3U7NCAF;
				ENABLE_HARDENED_RUNTIME = YES;
				PRODUCT_NAME = "$(TARGET_NAME)";
				SCAN_ALL_SOURCE_FILES_FOR_INCLUDES = NO;
			};
			name = Release;
		};
/* End XCBuildConfiguration section */

/* Begin XCConfigurationList section */
		4D812440247E9F1F00FDD775 /* Build configuration list for PBXProject "machowalk" */ = {
			isa = XCConfigurationList;
			buildConfigurations = (
				4D81244A247E9F1F00FDD775 /* Debug */,
				4D81244B247E9F1F00FDD775 /* Release */,
			);
			defaultConfigurationIsVisible = 0;
			defaultConfigurationName = Release;
		};
		4D81244C247E9F1F00FDD775 /* Build configuration list for PBXNativeTarget "machowalk" */ = {
			isa = XCConfigurationList;
			buildConfigurations = (
				4D81244D247E9F1F00FDD775 /* Debug */,
				4D81244E247E9F1F00FDD775 /* Release */,
			);
			defaultConfigurationIsVisible = 0;
			defaultConfigurationName = Release;
		};
/* End XCConfigurationList section */
	};
	rootObject = 4D81243D247E9F1F00FDD775 /* Project object */;
}
